
Microsoft Visual Studio Solution File, Format Version 12.00
# Visual Studio Version 16
VisualStudioVersion = 16.0.30114.105
MinimumVisualStudioVersion = 10.0.40219.1
Project("{2150E333-8FDC-42A3-9474-1A3956D46DE8}") = "src", "src", "{E3D97DF4-3C39-41AC-A054-6387417457D7}"
EndProject
Project("{FAE04EC0-301F-11D3-BF4B-00C04F79EFBC}") = "CalcLib", "src\CalcLib\CalcLib.csproj", "{C43F3193-59BD-4780-8D75-BF2BE74C9620}"
EndProject
Project("{FAE04EC0-301F-11D3-BF4B-00C04F79EFBC}") = "CalcLib.Tests", "src\CalcLib.Tests\CalcLib.Tests.csproj", "{B40450B7-4D7B-4E3C-BBD2-BB779F47ACAE}"
EndProject
Global
	GlobalSection(SolutionConfigurationPlatforms) = preSolution
		Debug|Any CPU = Debug|Any CPU
		Release|Any CPU = Release|Any CPU
	EndGlobalSection
	GlobalSection(SolutionProperties) = preSolution
		HideSolutionNode = FALSE
	EndGlobalSection
	GlobalSection(ProjectConfigurationPlatforms) = postSolution
		{C43F3193-59BD-4780-8D75-BF2BE74C9620}.Debug|Any CPU.ActiveCfg = Debug|Any CPU
		{C43F3193-59BD-4780-8D75-BF2BE74C9620}.Debug|Any CPU.Build.0 = Debug|Any CPU
		{C43F3193-59BD-4780-8D75-BF2BE74C9620}.Release|Any CPU.ActiveCfg = Release|Any CPU
		{C43F3193-59BD-4780-8D75-BF2BE74C9620}.Release|Any CPU.Build.0 = Release|Any CPU
		{B40450B7-4D7B-4E3C-BBD2-BB779F47ACAE}.Debug|Any CPU.ActiveCfg = Debug|Any CPU
		{B40450B7-4D7B-4E3C-BBD2-BB779F47ACAE}.Debug|Any CPU.Build.0 = Debug|Any CPU
		{B40450B7-4D7B-4E3C-BBD2-BB779F47ACAE}.Release|Any CPU.ActiveCfg = Release|Any CPU
		{B40450B7-4D7B-4E3C-BBD2-BB779F47ACAE}.Release|Any CPU.Build.0 = Release|Any CPU
	EndGlobalSection
	GlobalSection(NestedProjects) = preSolution
		{C43F3193-59BD-4780-8D75-BF2BE74C9620} = {E3D97DF4-3C39-41AC-A054-6387417457D7}
		{B40450B7-4D7B-4E3C-BBD2-BB779F47ACAE} = {E3D97DF4-3C39-41AC-A054-6387417457D7}
	EndGlobalSection
EndGlobal
